// !$*UTF8*$!
{
	archiveVersion = 1;
	classes = {
	};
	objectVersion = 51;
	objects = {

/* Begin PBXBuildFile section */
		46320A4CC0AD219FBCB5715B /* Pods_DietCards.framework in Frameworks */ = {isa = PBXBuildFile; fileRef = BDC85A4644E264929219FE6B /* Pods_DietCards.framework */; };
		6441BC62238B3C0B0066B5DE /* AddFoodItemController.swift in Sources */ = {isa = PBXBuildFile; fileRef = 6441BC61238B3C0B0066B5DE /* AddFoodItemController.swift */; };
		644A651D237F393700610568 /* HomeCollectionViewCell.swift in Sources */ = {isa = PBXBuildFile; fileRef = 644A651C237F393700610568 /* HomeCollectionViewCell.swift */; };
		644A651F237F5E9700610568 /* HomeViewController.swift in Sources */ = {isa = PBXBuildFile; fileRef = 644A651E237F5E9700610568 /* HomeViewController.swift */; };
		646A68E92380FEDA00AF1F5E /* CardTableViewController.swift in Sources */ = {isa = PBXBuildFile; fileRef = 646A68E82380FEDA00AF1F5E /* CardTableViewController.swift */; };
		646D1D4F238C66F200374FA4 /* NutritionData.swift in Sources */ = {isa = PBXBuildFile; fileRef = 646D1D4E238C66F200374FA4 /* NutritionData.swift */; };
		6497A68F2381E15E00BE58F0 /* GoogleService-Info.plist in Resources */ = {isa = PBXBuildFile; fileRef = 6497A68E2381E15E00BE58F0 /* GoogleService-Info.plist */; };
		6497E372239738F5007AD1F9 /* CardData.swift in Sources */ = {isa = PBXBuildFile; fileRef = 6497E371239738F5007AD1F9 /* CardData.swift */; };
		64A86AC523A5C5CA001E2877 /* LoginViewController.swift in Sources */ = {isa = PBXBuildFile; fileRef = 64A86AC423A5C5CA001E2877 /* LoginViewController.swift */; };
		64C02903237E71E30052FD1D /* AppDelegate.swift in Sources */ = {isa = PBXBuildFile; fileRef = 64C02902237E71E30052FD1D /* AppDelegate.swift */; };
		64C02908237E71E30052FD1D /* Main.storyboard in Resources */ = {isa = PBXBuildFile; fileRef = 64C02906237E71E30052FD1D /* Main.storyboard */; };
		64C0290B237E71E30052FD1D /* DietCards.xcdatamodeld in Sources */ = {isa = PBXBuildFile; fileRef = 64C02909237E71E30052FD1D /* DietCards.xcdatamodeld */; };
		64C0290D237E71E50052FD1D /* Assets.xcassets in Resources */ = {isa = PBXBuildFile; fileRef = 64C0290C237E71E50052FD1D /* Assets.xcassets */; };
		64C02910237E71E50052FD1D /* LaunchScreen.storyboard in Resources */ = {isa = PBXBuildFile; fileRef = 64C0290E237E71E50052FD1D /* LaunchScreen.storyboard */; };
		64DD73EB238768E900E1D042 /* FoodClient.swift in Sources */ = {isa = PBXBuildFile; fileRef = 64DD73EA238768E900E1D042 /* FoodClient.swift */; };
		64EFB18B23AEE53B00617AA6 /* AddGroupController.swift in Sources */ = {isa = PBXBuildFile; fileRef = 64EFB18A23AEE53B00617AA6 /* AddGroupController.swift */; };
/* End PBXBuildFile section */

/* Begin PBXFileReference section */
		3B1AC1C1A078EFD69CEA7819 /* Pods-DietCards.release.xcconfig */ = {isa = PBXFileReference; includeInIndex = 1; lastKnownFileType = text.xcconfig; name = "Pods-DietCards.release.xcconfig"; path = "Target Support Files/Pods-DietCards/Pods-DietCards.release.xcconfig"; sourceTree = "<group>"; };
		4C405BB9908E46861C25E76B /* Pods-DietCards.debug.xcconfig */ = {isa = PBXFileReference; includeInIndex = 1; lastKnownFileType = text.xcconfig; name = "Pods-DietCards.debug.xcconfig"; path = "Target Support Files/Pods-DietCards/Pods-DietCards.debug.xcconfig"; sourceTree = "<group>"; };
		6441BC61238B3C0B0066B5DE /* AddFoodItemController.swift */ = {isa = PBXFileReference; lastKnownFileType = sourcecode.swift; path = AddFoodItemController.swift; sourceTree = "<group>"; };
		644A651C237F393700610568 /* HomeCollectionViewCell.swift */ = {isa = PBXFileReference; lastKnownFileType = sourcecode.swift; path = HomeCollectionViewCell.swift; sourceTree = "<group>"; };
		644A651E237F5E9700610568 /* HomeViewController.swift */ = {isa = PBXFileReference; lastKnownFileType = sourcecode.swift; path = HomeViewController.swift; sourceTree = "<group>"; };
		646A68E82380FEDA00AF1F5E /* CardTableViewController.swift */ = {isa = PBXFileReference; lastKnownFileType = sourcecode.swift; path = CardTableViewController.swift; sourceTree = "<group>"; };
		646D1D4E238C66F200374FA4 /* NutritionData.swift */ = {isa = PBXFileReference; lastKnownFileType = sourcecode.swift; path = NutritionData.swift; sourceTree = "<group>"; };
		6497A68E2381E15E00BE58F0 /* GoogleService-Info.plist */ = {isa = PBXFileReference; fileEncoding = 4; lastKnownFileType = text.plist.xml; path = "GoogleService-Info.plist"; sourceTree = "<group>"; };
		6497E371239738F5007AD1F9 /* CardData.swift */ = {isa = PBXFileReference; lastKnownFileType = sourcecode.swift; path = CardData.swift; sourceTree = "<group>"; };
		64A86AC423A5C5CA001E2877 /* LoginViewController.swift */ = {isa = PBXFileReference; lastKnownFileType = sourcecode.swift; path = LoginViewController.swift; sourceTree = "<group>"; };
		64C028FF237E71E30052FD1D /* DietCards.app */ = {isa = PBXFileReference; explicitFileType = wrapper.application; includeInIndex = 0; path = DietCards.app; sourceTree = BUILT_PRODUCTS_DIR; };
		64C02902237E71E30052FD1D /* AppDelegate.swift */ = {isa = PBXFileReference; lastKnownFileType = sourcecode.swift; path = AppDelegate.swift; sourceTree = "<group>"; };
		64C02907237E71E30052FD1D /* Base */ = {isa = PBXFileReference; lastKnownFileType = file.storyboard; name = Base; path = Base.lproj/Main.storyboard; sourceTree = "<group>"; };
		64C0290A237E71E30052FD1D /* DietCards.xcdatamodel */ = {isa = PBXFileReference; lastKnownFileType = wrapper.xcdatamodel; path = DietCards.xcdatamodel; sourceTree = "<group>"; };
		64C0290C237E71E50052FD1D /* Assets.xcassets */ = {isa = PBXFileReference; lastKnownFileType = folder.assetcatalog; path = Assets.xcassets; sourceTree = "<group>"; };
		64C0290F237E71E50052FD1D /* Base */ = {isa = PBXFileReference; lastKnownFileType = file.storyboard; name = Base; path = Base.lproj/LaunchScreen.storyboard; sourceTree = "<group>"; };
		64C02911237E71E50052FD1D /* Info.plist */ = {isa = PBXFileReference; lastKnownFileType = text.plist.xml; path = Info.plist; sourceTree = "<group>"; };
		64DD73EA238768E900E1D042 /* FoodClient.swift */ = {isa = PBXFileReference; lastKnownFileType = sourcecode.swift; path = FoodClient.swift; sourceTree = "<group>"; };
		64EFB18A23AEE53B00617AA6 /* AddGroupController.swift */ = {isa = PBXFileReference; lastKnownFileType = sourcecode.swift; path = AddGroupController.swift; sourceTree = "<group>"; };
		BDC85A4644E264929219FE6B /* Pods_DietCards.framework */ = {isa = PBXFileReference; explicitFileType = wrapper.framework; includeInIndex = 0; path = Pods_DietCards.framework; sourceTree = BUILT_PRODUCTS_DIR; };
/* End PBXFileReference section */

/* Begin PBXFrameworksBuildPhase section */
		64C028FC237E71E30052FD1D /* Frameworks */ = {
			isa = PBXFrameworksBuildPhase;
			buildActionMask = 2147483647;
			files = (
				46320A4CC0AD219FBCB5715B /* Pods_DietCards.framework in Frameworks */,
			);
			runOnlyForDeploymentPostprocessing = 0;
		};
/* End PBXFrameworksBuildPhase section */

/* Begin PBXGroup section */
		354B047021E5067D27BAFE78 /* Frameworks */ = {
			isa = PBXGroup;
			children = (
				BDC85A4644E264929219FE6B /* Pods_DietCards.framework */,
			);
			name = Frameworks;
			sourceTree = "<group>";
		};
		64C028F6237E71E30052FD1D = {
			isa = PBXGroup;
			children = (
				64C02901237E71E30052FD1D /* DietCards */,
				64C02900237E71E30052FD1D /* Products */,
				DD0174F4E0CD9B4B01C3AF2F /* Pods */,
				354B047021E5067D27BAFE78 /* Frameworks */,
			);
			sourceTree = "<group>";
		};
		64C02900237E71E30052FD1D /* Products */ = {
			isa = PBXGroup;
			children = (
				64C028FF237E71E30052FD1D /* DietCards.app */,
			);
			name = Products;
			sourceTree = "<group>";
		};
		64C02901237E71E30052FD1D /* DietCards */ = {
			isa = PBXGroup;
			children = (
				64C02902237E71E30052FD1D /* AppDelegate.swift */,
				64C02906237E71E30052FD1D /* Main.storyboard */,
				64C0290C237E71E50052FD1D /* Assets.xcassets */,
				64C0290E237E71E50052FD1D /* LaunchScreen.storyboard */,
				64C02911237E71E50052FD1D /* Info.plist */,
				64C02909237E71E30052FD1D /* DietCards.xcdatamodeld */,
				64A86AC423A5C5CA001E2877 /* LoginViewController.swift */,
				644A651C237F393700610568 /* HomeCollectionViewCell.swift */,
				644A651E237F5E9700610568 /* HomeViewController.swift */,
				646A68E82380FEDA00AF1F5E /* CardTableViewController.swift */,
				64EFB18A23AEE53B00617AA6 /* AddGroupController.swift */,
				6441BC61238B3C0B0066B5DE /* AddFoodItemController.swift */,
				64DD73EA238768E900E1D042 /* FoodClient.swift */,
				6497A68E2381E15E00BE58F0 /* GoogleService-Info.plist */,
				646D1D4E238C66F200374FA4 /* NutritionData.swift */,
				6497E371239738F5007AD1F9 /* CardData.swift */,
			);
			path = DietCards;
			sourceTree = "<group>";
		};
		DD0174F4E0CD9B4B01C3AF2F /* Pods */ = {
			isa = PBXGroup;
			children = (
				4C405BB9908E46861C25E76B /* Pods-DietCards.debug.xcconfig */,
				3B1AC1C1A078EFD69CEA7819 /* Pods-DietCards.release.xcconfig */,
			);
			path = Pods;
			sourceTree = "<group>";
		};
/* End PBXGroup section */

/* Begin PBXNativeTarget section */
		64C028FE237E71E30052FD1D /* DietCards */ = {
			isa = PBXNativeTarget;
			buildConfigurationList = 64C02914237E71E50052FD1D /* Build configuration list for PBXNativeTarget "DietCards" */;
			buildPhases = (
				81716FFA56FB8DAEE1CCFE1B /* [CP] Check Pods Manifest.lock */,
				64C028FB237E71E30052FD1D /* Sources */,
				64C028FC237E71E30052FD1D /* Frameworks */,
				64C028FD237E71E30052FD1D /* Resources */,
				75C4065055F3074B4B055F5C /* [CP] Embed Pods Frameworks */,
				908B0F5AD5EC27EE5EE1155A /* [CP] Copy Pods Resources */,
			);
			buildRules = (
			);
			dependencies = (
			);
			name = DietCards;
			productName = DietCards;
			productReference = 64C028FF237E71E30052FD1D /* DietCards.app */;
			productType = "com.apple.product-type.application";
		};
/* End PBXNativeTarget section */

/* Begin PBXProject section */
		64C028F7237E71E30052FD1D /* Project object */ = {
			isa = PBXProject;
			attributes = {
				LastSwiftUpdateCheck = 1030;
				LastUpgradeCheck = 1030;
				ORGANIZATIONNAME = "Elias Hall";
				TargetAttributes = {
					64C028FE237E71E30052FD1D = {
						CreatedOnToolsVersion = 10.3;
					};
				};
			};
			buildConfigurationList = 64C028FA237E71E30052FD1D /* Build configuration list for PBXProject "DietCards" */;
			compatibilityVersion = "Xcode 9.3";
			developmentRegion = en;
			hasScannedForEncodings = 0;
			knownRegions = (
				en,
				Base,
			);
			mainGroup = 64C028F6237E71E30052FD1D;
			productRefGroup = 64C02900237E71E30052FD1D /* Products */;
			projectDirPath = "";
			projectRoot = "";
			targets = (
				64C028FE237E71E30052FD1D /* DietCards */,
			);
		};
/* End PBXProject section */

/* Begin PBXResourcesBuildPhase section */
		64C028FD237E71E30052FD1D /* Resources */ = {
			isa = PBXResourcesBuildPhase;
			buildActionMask = 2147483647;
			files = (
				64C02910237E71E50052FD1D /* LaunchScreen.storyboard in Resources */,
				6497A68F2381E15E00BE58F0 /* GoogleService-Info.plist in Resources */,
				64C0290D237E71E50052FD1D /* Assets.xcassets in Resources */,
				64C02908237E71E30052FD1D /* Main.storyboard in Resources */,
			);
			runOnlyForDeploymentPostprocessing = 0;
		};
/* End PBXResourcesBuildPhase section */

/* Begin PBXShellScriptBuildPhase section */
		75C4065055F3074B4B055F5C /* [CP] Embed Pods Frameworks */ = {
			isa = PBXShellScriptBuildPhase;
			buildActionMask = 2147483647;
			files = (
			);
			inputFileListPaths = (
				"${PODS_ROOT}/Target Support Files/Pods-DietCards/Pods-DietCards-frameworks-${CONFIGURATION}-input-files.xcfilelist",
			);
			name = "[CP] Embed Pods Frameworks";
			outputFileListPaths = (
				"${PODS_ROOT}/Target Support Files/Pods-DietCards/Pods-DietCards-frameworks-${CONFIGURATION}-output-files.xcfilelist",
			);
			runOnlyForDeploymentPostprocessing = 0;
			shellPath = /bin/sh;
			shellScript = "\"${PODS_ROOT}/Target Support Files/Pods-DietCards/Pods-DietCards-frameworks.sh\"\n";
			showEnvVarsInLog = 0;
		};
		81716FFA56FB8DAEE1CCFE1B /* [CP] Check Pods Manifest.lock */ = {
			isa = PBXShellScriptBuildPhase;
			buildActionMask = 2147483647;
			files = (
			);
			inputFileListPaths = (
			);
			inputPaths = (
				"${PODS_PODFILE_DIR_PATH}/Podfile.lock",
				"${PODS_ROOT}/Manifest.lock",
			);
			name = "[CP] Check Pods Manifest.lock";
			outputFileListPaths = (
			);
			outputPaths = (
				"$(DERIVED_FILE_DIR)/Pods-DietCards-checkManifestLockResult.txt",
			);
			runOnlyForDeploymentPostprocessing = 0;
			shellPath = /bin/sh;
			shellScript = "diff \"${PODS_PODFILE_DIR_PATH}/Podfile.lock\" \"${PODS_ROOT}/Manifest.lock\" > /dev/null\nif [ $? != 0 ] ; then\n    # print error to STDERR\n    echo \"error: The sandbox is not in sync with the Podfile.lock. Run 'pod install' or update your CocoaPods installation.\" >&2\n    exit 1\nfi\n# This output is used by Xcode 'outputs' to avoid re-running this script phase.\necho \"SUCCESS\" > \"${SCRIPT_OUTPUT_FILE_0}\"\n";
			showEnvVarsInLog = 0;
		};
		908B0F5AD5EC27EE5EE1155A /* [CP] Copy Pods Resources */ = {
			isa = PBXShellScriptBuildPhase;
			buildActionMask = 2147483647;
			files = (
			);
			inputFileListPaths = (
				"${PODS_ROOT}/Target Support Files/Pods-DietCards/Pods-DietCards-resources-${CONFIGURATION}-input-files.xcfilelist",
			);
			name = "[CP] Copy Pods Resources";
			outputFileListPaths = (
				"${PODS_ROOT}/Target Support Files/Pods-DietCards/Pods-DietCards-resources-${CONFIGURATION}-output-files.xcfilelist",
			);
			runOnlyForDeploymentPostprocessing = 0;
			shellPath = /bin/sh;
			shellScript = "\"${PODS_ROOT}/Target Support Files/Pods-DietCards/Pods-DietCards-resources.sh\"\n";
			showEnvVarsInLog = 0;
		};
/* End PBXShellScriptBuildPhase section */

/* Begin PBXSourcesBuildPhase section */
		64C028FB237E71E30052FD1D /* Sources */ = {
			isa = PBXSourcesBuildPhase;
			buildActionMask = 2147483647;
			files = (
				6441BC62238B3C0B0066B5DE /* AddFoodItemController.swift in Sources */,
				646A68E92380FEDA00AF1F5E /* CardTableViewController.swift in Sources */,
				64C0290B237E71E30052FD1D /* DietCards.xcdatamodeld in Sources */,
				64DD73EB238768E900E1D042 /* FoodClient.swift in Sources */,
				646D1D4F238C66F200374FA4 /* NutritionData.swift in Sources */,
				64EFB18B23AEE53B00617AA6 /* AddGroupController.swift in Sources */,
				64C02903237E71E30052FD1D /* AppDelegate.swift in Sources */,
				6497E372239738F5007AD1F9 /* CardData.swift in Sources */,
				644A651D237F393700610568 /* HomeCollectionViewCell.swift in Sources */,
				64A86AC523A5C5CA001E2877 /* LoginViewController.swift in Sources */,
				644A651F237F5E9700610568 /* HomeViewController.swift in Sources */,
			);
			runOnlyForDeploymentPostprocessing = 0;
		};
/* End PBXSourcesBuildPhase section */

/* Begin PBXVariantGroup section */
		64C02906237E71E30052FD1D /* Main.storyboard */ = {
			isa = PBXVariantGroup;
			children = (
				64C02907237E71E30052FD1D /* Base */,
			);
			name = Main.storyboard;
			sourceTree = "<group>";
		};
		64C0290E237E71E50052FD1D /* LaunchScreen.storyboard */ = {
			isa = PBXVariantGroup;
			children = (
				64C0290F237E71E50052FD1D /* Base */,
			);
			name = LaunchScreen.storyboard;
			sourceTree = "<group>";
		};
/* End PBXVariantGroup section */

/* Begin XCBuildConfiguration section */
		64C02912237E71E50052FD1D /* Debug */ = {
			isa = XCBuildConfiguration;
			buildSettings = {
				ALWAYS_SEARCH_USER_PATHS = NO;
				CLANG_ANALYZER_NONNULL = YES;
				CLANG_ANALYZER_NUMBER_OBJECT_CONVERSION = YES_AGGRESSIVE;
				CLANG_CXX_LANGUAGE_STANDARD = "gnu++14";
				CLANG_CXX_LIBRARY = "libc++";
				CLANG_ENABLE_MODULES = YES;
				CLANG_ENABLE_OBJC_ARC = YES;
				CLANG_ENABLE_OBJC_WEAK = YES;
				CLANG_WARN_BLOCK_CAPTURE_AUTORELEASING = YES;
				CLANG_WARN_BOOL_CONVERSION = YES;
				CLANG_WARN_COMMA = YES;
				CLANG_WARN_CONSTANT_CONVERSION = YES;
				CLANG_WARN_DEPRECATED_OBJC_IMPLEMENTATIONS = YES;
				CLANG_WARN_DIRECT_OBJC_ISA_USAGE = YES_ERROR;
				CLANG_WARN_DOCUMENTATION_COMMENTS = YES;
				CLANG_WARN_EMPTY_BODY = YES;
				CLANG_WARN_ENUM_CONVERSION = YES;
				CLANG_WARN_INFINITE_RECURSION = YES;
				CLANG_WARN_INT_CONVERSION = YES;
				CLANG_WARN_NON_LITERAL_NULL_CONVERSION = YES;
				CLANG_WARN_OBJC_IMPLICIT_RETAIN_SELF = YES;
				CLANG_WARN_OBJC_LITERAL_CONVERSION = YES;
				CLANG_WARN_OBJC_ROOT_CLASS = YES_ERROR;
				CLANG_WARN_RANGE_LOOP_ANALYSIS = YES;
				CLANG_WARN_STRICT_PROTOTYPES = YES;
				CLANG_WARN_SUSPICIOUS_MOVE = YES;
				CLANG_WARN_UNGUARDED_AVAILABILITY = YES_AGGRESSIVE;
				CLANG_WARN_UNREACHABLE_CODE = YES;
				CLANG_WARN__DUPLICATE_METHOD_MATCH = YES;
				CODE_SIGN_IDENTITY = "iPhone Developer";
				COPY_PHASE_STRIP = NO;
				DEBUG_INFORMATION_FORMAT = dwarf;
				ENABLE_STRICT_OBJC_MSGSEND = YES;
				ENABLE_TESTABILITY = YES;
				GCC_C_LANGUAGE_STANDARD = gnu11;
				GCC_DYNAMIC_NO_PIC = NO;
				GCC_NO_COMMON_BLOCKS = YES;
				GCC_OPTIMIZATION_LEVEL = 0;
				GCC_PREPROCESSOR_DEFINITIONS = (
					"DEBUG=1",
					"$(inherited)",
				);
				GCC_WARN_64_TO_32_BIT_CONVERSION = YES;
				GCC_WARN_ABOUT_RETURN_TYPE = YES_ERROR;
				GCC_WARN_UNDECLARED_SELECTOR = YES;
				GCC_WARN_UNINITIALIZED_AUTOS = YES_AGGRESSIVE;
				GCC_WARN_UNUSED_FUNCTION = YES;
				GCC_WARN_UNUSED_VARIABLE = YES;
				IPHONEOS_DEPLOYMENT_TARGET = 12.4;
				MTL_ENABLE_DEBUG_INFO = INCLUDE_SOURCE;
				MTL_FAST_MATH = YES;
				ONLY_ACTIVE_ARCH = YES;
				SDKROOT = iphoneos;
				SWIFT_ACTIVE_COMPILATION_CONDITIONS = DEBUG;
				SWIFT_OPTIMIZATION_LEVEL = "-Onone";
			};
			name = Debug;
		};
		64C02913237E71E50052FD1D /* Release */ = {
			isa = XCBuildConfiguration;
			buildSettings = {
				ALWAYS_SEARCH_USER_PATHS = NO;
				CLANG_ANALYZER_NONNULL = YES;
				CLANG_ANALYZER_NUMBER_OBJECT_CONVERSION = YES_AGGRESSIVE;
				CLANG_CXX_LANGUAGE_STANDARD = "gnu++14";
				CLANG_CXX_LIBRARY = "libc++";
				CLANG_ENABLE_MODULES = YES;
				CLANG_ENABLE_OBJC_ARC = YES;
				CLANG_ENABLE_OBJC_WEAK = YES;
				CLANG_WARN_BLOCK_CAPTURE_AUTORELEASING = YES;
				CLANG_WARN_BOOL_CONVERSION = YES;
				CLANG_WARN_COMMA = YES;
				CLANG_WARN_CONSTANT_CONVERSION = YES;
				CLANG_WARN_DEPRECATED_OBJC_IMPLEMENTATIONS = YES;
				CLANG_WARN_DIRECT_OBJC_ISA_USAGE = YES_ERROR;
				CLANG_WARN_DOCUMENTATION_COMMENTS = YES;
				CLANG_WARN_EMPTY_BODY = YES;
				CLANG_WARN_ENUM_CONVERSION = YES;
				CLANG_WARN_INFINITE_RECURSION = YES;
				CLANG_WARN_INT_CONVERSION = YES;
				CLANG_WARN_NON_LITERAL_NULL_CONVERSION = YES;
				CLANG_WARN_OBJC_IMPLICIT_RETAIN_SELF = YES;
				CLANG_WARN_OBJC_LITERAL_CONVERSION = YES;
				CLANG_WARN_OBJC_ROOT_CLASS = YES_ERROR;
				CLANG_WARN_RANGE_LOOP_ANALYSIS = YES;
				CLANG_WARN_STRICT_PROTOTYPES = YES;
				CLANG_WARN_SUSPICIOUS_MOVE = YES;
				CLANG_WARN_UNGUARDED_AVAILABILITY = YES_AGGRESSIVE;
				CLANG_WARN_UNREACHABLE_CODE = YES;
				CLANG_WARN__DUPLICATE_METHOD_MATCH = YES;
				CODE_SIGN_IDENTITY = "iPhone Developer";
				COPY_PHASE_STRIP = NO;
				DEBUG_INFORMATION_FORMAT = "dwarf-with-dsym";
				ENABLE_NS_ASSERTIONS = NO;
				ENABLE_STRICT_OBJC_MSGSEND = YES;
				GCC_C_LANGUAGE_STANDARD = gnu11;
				GCC_NO_COMMON_BLOCKS = YES;
				GCC_WARN_64_TO_32_BIT_CONVERSION = YES;
				GCC_WARN_ABOUT_RETURN_TYPE = YES_ERROR;
				GCC_WARN_UNDECLARED_SELECTOR = YES;
				GCC_WARN_UNINITIALIZED_AUTOS = YES_AGGRESSIVE;
				GCC_WARN_UNUSED_FUNCTION = YES;
				GCC_WARN_UNUSED_VARIABLE = YES;
				IPHONEOS_DEPLOYMENT_TARGET = 12.4;
				MTL_ENABLE_DEBUG_INFO = NO;
				MTL_FAST_MATH = YES;
				SDKROOT = iphoneos;
				SWIFT_COMPILATION_MODE = wholemodule;
				SWIFT_OPTIMIZATION_LEVEL = "-O";
				VALIDATE_PRODUCT = YES;
			};
			name = Release;
		};
		64C02915237E71E50052FD1D /* Debug */ = {
			isa = XCBuildConfiguration;
			baseConfigurationReference = 4C405BB9908E46861C25E76B /* Pods-DietCards.debug.xcconfig */;
			buildSettings = {
				ASSETCATALOG_COMPILER_APPICON_NAME = AppIcon;
				CODE_SIGN_STYLE = Automatic;
				DEVELOPMENT_TEAM = KFS7JDA8K2;
				INFOPLIST_FILE = DietCards/Info.plist;
				LD_RUNPATH_SEARCH_PATHS = (
					"$(inherited)",
					"@executable_path/Frameworks",
				);
				PRODUCT_BUNDLE_IDENTIFIER = com.eliashall.DietCards;
				PRODUCT_NAME = "$(TARGET_NAME)";
				SWIFT_VERSION = 5.0;
				TARGETED_DEVICE_FAMILY = "1,2";
			};
			name = Debug;
		};
		64C02916237E71E50052FD1D /* Release */ = {
			isa = XCBuildConfiguration;
			baseConfigurationReference = 3B1AC1C1A078EFD69CEA7819 /* Pods-DietCards.release.xcconfig */;
			buildSettings = {
				ASSETCATALOG_COMPILER_APPICON_NAME = AppIcon;
				CODE_SIGN_STYLE = Automatic;
				DEVELOPMENT_TEAM = KFS7JDA8K2;
				INFOPLIST_FILE = DietCards/Info.plist;
				LD_RUNPATH_SEARCH_PATHS = (
					"$(inherited)",
					"@executable_path/Frameworks",
				);
				PRODUCT_BUNDLE_IDENTIFIER = com.eliashall.DietCards;
				PRODUCT_NAME = "$(TARGET_NAME)";
				SWIFT_VERSION = 5.0;
				TARGETED_DEVICE_FAMILY = "1,2";
			};
			name = Release;
		};
/* End XCBuildConfiguration section */

/* Begin XCConfigurationList section */
		64C028FA237E71E30052FD1D /* Build configuration list for PBXProject "DietCards" */ = {
			isa = XCConfigurationList;
			buildConfigurations = (
				64C02912237E71E50052FD1D /* Debug */,
				64C02913237E71E50052FD1D /* Release */,
			);
			defaultConfigurationIsVisible = 0;
			defaultConfigurationName = Release;
		};
		64C02914237E71E50052FD1D /* Build configuration list for PBXNativeTarget "DietCards" */ = {
			isa = XCConfigurationList;
			buildConfigurations = (
				64C02915237E71E50052FD1D /* Debug */,
				64C02916237E71E50052FD1D /* Release */,
			);
			defaultConfigurationIsVisible = 0;
			defaultConfigurationName = Release;
		};
/* End XCConfigurationList section */

/* Begin XCVersionGroup section */
		64C02909237E71E30052FD1D /* DietCards.xcdatamodeld */ = {
			isa = XCVersionGroup;
			children = (
				64C0290A237E71E30052FD1D /* DietCards.xcdatamodel */,
			);
			currentVersion = 64C0290A237E71E30052FD1D /* DietCards.xcdatamodel */;
			path = DietCards.xcdatamodeld;
			sourceTree = "<group>";
			versionGroupType = wrapper.xcdatamodel;
		};
/* End XCVersionGroup section */
	};
	rootObject = 64C028F7237E71E30052FD1D /* Project object */;
}
